// !$*UTF8*$!
{
	archiveVersion = 1;
	classes = {
	};
	objectVersion = 77;
	objects = {

/* Begin PBXBuildFile section */
		7BFDE24B2CDD5D5A00EC78E6 /* FirebaseAnalytics in Frameworks */ = {isa = PBXBuildFile; productRef = 7BFDE24A2CDD5D5A00EC78E6 /* FirebaseAnalytics */; };
		7BFDE24D2CDD5D5A00EC78E6 /* FirebaseAnalyticsOnDeviceConversion in Frameworks */ = {isa = PBXBuildFile; productRef = 7BFDE24C2CDD5D5A00EC78E6 /* FirebaseAnalyticsOnDeviceConversion */; };
		7BFDE24F2CDD5D5A00EC78E6 /* FirebaseAnalyticsWithoutAdIdSupport in Frameworks */ = {isa = PBXBuildFile; productRef = 7BFDE24E2CDD5D5A00EC78E6 /* FirebaseAnalyticsWithoutAdIdSupport */; };
		7BFDE2512CDD5D5A00EC78E6 /* FirebaseAppCheck in Frameworks */ = {isa = PBXBuildFile; productRef = 7BFDE2502CDD5D5A00EC78E6 /* FirebaseAppCheck */; };
		7BFDE2532CDD5D5A00EC78E6 /* FirebaseAppDistribution-Beta in Frameworks */ = {isa = PBXBuildFile; productRef = 7BFDE2522CDD5D5A00EC78E6 /* FirebaseAppDistribution-Beta */; };
		7BFDE2552CDD5D5A00EC78E6 /* FirebaseAuth in Frameworks */ = {isa = PBXBuildFile; productRef = 7BFDE2542CDD5D5A00EC78E6 /* FirebaseAuth */; };
		7BFDE2572CDD5D5A00EC78E6 /* FirebaseAuthCombine-Community in Frameworks */ = {isa = PBXBuildFile; productRef = 7BFDE2562CDD5D5A00EC78E6 /* FirebaseAuthCombine-Community */; };
		7BFDE2592CDD5D5A00EC78E6 /* FirebaseCore in Frameworks */ = {isa = PBXBuildFile; productRef = 7BFDE2582CDD5D5A00EC78E6 /* FirebaseCore */; };
		7BFDE25B2CDD5D5A00EC78E6 /* FirebaseCrashlytics in Frameworks */ = {isa = PBXBuildFile; productRef = 7BFDE25A2CDD5D5A00EC78E6 /* FirebaseCrashlytics */; };
		7BFDE25D2CDD5D5A00EC78E6 /* FirebaseDatabase in Frameworks */ = {isa = PBXBuildFile; productRef = 7BFDE25C2CDD5D5A00EC78E6 /* FirebaseDatabase */; };
		7BFDE25F2CDD5D5A00EC78E6 /* FirebaseDynamicLinks in Frameworks */ = {isa = PBXBuildFile; productRef = 7BFDE25E2CDD5D5A00EC78E6 /* FirebaseDynamicLinks */; };
		7BFDE2612CDD5D5A00EC78E6 /* FirebaseFirestore in Frameworks */ = {isa = PBXBuildFile; productRef = 7BFDE2602CDD5D5A00EC78E6 /* FirebaseFirestore */; };
		7BFDE2632CDD5D5A00EC78E6 /* FirebaseFirestoreCombine-Community in Frameworks */ = {isa = PBXBuildFile; productRef = 7BFDE2622CDD5D5A00EC78E6 /* FirebaseFirestoreCombine-Community */; };
		7BFDE2652CDD5D5A00EC78E6 /* FirebaseFunctions in Frameworks */ = {isa = PBXBuildFile; productRef = 7BFDE2642CDD5D5A00EC78E6 /* FirebaseFunctions */; };
		7BFDE2672CDD5D5A00EC78E6 /* FirebaseFunctionsCombine-Community in Frameworks */ = {isa = PBXBuildFile; productRef = 7BFDE2662CDD5D5A00EC78E6 /* FirebaseFunctionsCombine-Community */; };
		7BFDE2692CDD5D5A00EC78E6 /* FirebaseInAppMessaging-Beta in Frameworks */ = {isa = PBXBuildFile; productRef = 7BFDE2682CDD5D5A00EC78E6 /* FirebaseInAppMessaging-Beta */; };
		7BFDE26B2CDD5D5A00EC78E6 /* FirebaseInstallations in Frameworks */ = {isa = PBXBuildFile; productRef = 7BFDE26A2CDD5D5A00EC78E6 /* FirebaseInstallations */; };
		7BFDE26D2CDD5D5A00EC78E6 /* FirebaseMLModelDownloader in Frameworks */ = {isa = PBXBuildFile; productRef = 7BFDE26C2CDD5D5A00EC78E6 /* FirebaseMLModelDownloader */; };
		7BFDE26F2CDD5D5A00EC78E6 /* FirebaseMessaging in Frameworks */ = {isa = PBXBuildFile; productRef = 7BFDE26E2CDD5D5A00EC78E6 /* FirebaseMessaging */; };
		7BFDE2712CDD5D5A00EC78E6 /* FirebasePerformance in Frameworks */ = {isa = PBXBuildFile; productRef = 7BFDE2702CDD5D5A00EC78E6 /* FirebasePerformance */; };
		7BFDE2732CDD5D5A00EC78E6 /* FirebaseRemoteConfig in Frameworks */ = {isa = PBXBuildFile; productRef = 7BFDE2722CDD5D5A00EC78E6 /* FirebaseRemoteConfig */; };
		7BFDE2752CDD5D5A00EC78E6 /* FirebaseStorage in Frameworks */ = {isa = PBXBuildFile; productRef = 7BFDE2742CDD5D5A00EC78E6 /* FirebaseStorage */; };
		7BFDE2772CDD5D5A00EC78E6 /* FirebaseStorageCombine-Community in Frameworks */ = {isa = PBXBuildFile; productRef = 7BFDE2762CDD5D5A00EC78E6 /* FirebaseStorageCombine-Community */; };
		7BFDE2792CDD5D5A00EC78E6 /* FirebaseVertexAI in Frameworks */ = {isa = PBXBuildFile; productRef = 7BFDE2782CDD5D5A00EC78E6 /* FirebaseVertexAI */; };
/* End PBXBuildFile section */

/* Begin PBXFileReference section */
		7B00BA1D2CCB13A5004AEDD8 /* Resume.yii.app */ = {isa = PBXFileReference; explicitFileType = wrapper.application; includeInIndex = 0; path = Resume.yii.app; sourceTree = BUILT_PRODUCTS_DIR; };
/* End PBXFileReference section */

/* Begin PBXFileSystemSynchronizedRootGroup section */
		7B00BA1F2CCB13A5004AEDD8 /* Resume.yii */ = {
			isa = PBXFileSystemSynchronizedRootGroup;
			path = Resume.yii;
			sourceTree = "<group>";
		};
/* End PBXFileSystemSynchronizedRootGroup section */

/* Begin PBXFrameworksBuildPhase section */
		7B00BA1A2CCB13A5004AEDD8 /* Frameworks */ = {
			isa = PBXFrameworksBuildPhase;
			buildActionMask = 2147483647;
			files = (
				7BFDE2632CDD5D5A00EC78E6 /* FirebaseFirestoreCombine-Community in Frameworks */,
				7BFDE2792CDD5D5A00EC78E6 /* FirebaseVertexAI in Frameworks */,
				7BFDE2652CDD5D5A00EC78E6 /* FirebaseFunctions in Frameworks */,
				7BFDE2712CDD5D5A00EC78E6 /* FirebasePerformance in Frameworks */,
				7BFDE2772CDD5D5A00EC78E6 /* FirebaseStorageCombine-Community in Frameworks */,
				7BFDE2732CDD5D5A00EC78E6 /* FirebaseRemoteConfig in Frameworks */,
				7BFDE25D2CDD5D5A00EC78E6 /* FirebaseDatabase in Frameworks */,
				7BFDE25F2CDD5D5A00EC78E6 /* FirebaseDynamicLinks in Frameworks */,
				7BFDE2512CDD5D5A00EC78E6 /* FirebaseAppCheck in Frameworks */,
				7BFDE2552CDD5D5A00EC78E6 /* FirebaseAuth in Frameworks */,
				7BFDE24B2CDD5D5A00EC78E6 /* FirebaseAnalytics in Frameworks */,
				7BFDE2612CDD5D5A00EC78E6 /* FirebaseFirestore in Frameworks */,
				7BFDE26F2CDD5D5A00EC78E6 /* FirebaseMessaging in Frameworks */,
				7BFDE26B2CDD5D5A00EC78E6 /* FirebaseInstallations in Frameworks */,
				7BFDE2672CDD5D5A00EC78E6 /* FirebaseFunctionsCombine-Community in Frameworks */,
				7BFDE2532CDD5D5A00EC78E6 /* FirebaseAppDistribution-Beta in Frameworks */,
				7BFDE24F2CDD5D5A00EC78E6 /* FirebaseAnalyticsWithoutAdIdSupport in Frameworks */,
				7BFDE2692CDD5D5A00EC78E6 /* FirebaseInAppMessaging-Beta in Frameworks */,
				7BFDE2572CDD5D5A00EC78E6 /* FirebaseAuthCombine-Community in Frameworks */,
				7BFDE25B2CDD5D5A00EC78E6 /* FirebaseCrashlytics in Frameworks */,
				7BFDE26D2CDD5D5A00EC78E6 /* FirebaseMLModelDownloader in Frameworks */,
				7BFDE2752CDD5D5A00EC78E6 /* FirebaseStorage in Frameworks */,
				7BFDE2592CDD5D5A00EC78E6 /* FirebaseCore in Frameworks */,
				7BFDE24D2CDD5D5A00EC78E6 /* FirebaseAnalyticsOnDeviceConversion in Frameworks */,
			);
			runOnlyForDeploymentPostprocessing = 0;
		};
/* End PBXFrameworksBuildPhase section */

/* Begin PBXGroup section */
		7B00BA142CCB13A5004AEDD8 = {
			isa = PBXGroup;
			children = (
				7B00BA1F2CCB13A5004AEDD8 /* Resume.yii */,
				7B00BA1E2CCB13A5004AEDD8 /* Products */,
			);
			sourceTree = "<group>";
		};
		7B00BA1E2CCB13A5004AEDD8 /* Products */ = {
			isa = PBXGroup;
			children = (
				7B00BA1D2CCB13A5004AEDD8 /* Resume.yii.app */,
			);
			name = Products;
			sourceTree = "<group>";
		};
/* End PBXGroup section */

/* Begin PBXNativeTarget section */
		7B00BA1C2CCB13A5004AEDD8 /* Resume.yii */ = {
			isa = PBXNativeTarget;
			buildConfigurationList = 7B00BA2B2CCB13A6004AEDD8 /* Build configuration list for PBXNativeTarget "Resume.yii" */;
			buildPhases = (
				7B00BA192CCB13A5004AEDD8 /* Sources */,
				7B00BA1A2CCB13A5004AEDD8 /* Frameworks */,
				7B00BA1B2CCB13A5004AEDD8 /* Resources */,
			);
			buildRules = (
			);
			dependencies = (
			);
			fileSystemSynchronizedGroups = (
				7B00BA1F2CCB13A5004AEDD8 /* Resume.yii */,
			);
			name = Resume.yii;
			packageProductDependencies = (
				7BFDE24A2CDD5D5A00EC78E6 /* FirebaseAnalytics */,
				7BFDE24C2CDD5D5A00EC78E6 /* FirebaseAnalyticsOnDeviceConversion */,
				7BFDE24E2CDD5D5A00EC78E6 /* FirebaseAnalyticsWithoutAdIdSupport */,
				7BFDE2502CDD5D5A00EC78E6 /* FirebaseAppCheck */,
				7BFDE2522CDD5D5A00EC78E6 /* FirebaseAppDistribution-Beta */,
				7BFDE2542CDD5D5A00EC78E6 /* FirebaseAuth */,
				7BFDE2562CDD5D5A00EC78E6 /* FirebaseAuthCombine-Community */,
				7BFDE2582CDD5D5A00EC78E6 /* FirebaseCore */,
				7BFDE25A2CDD5D5A00EC78E6 /* FirebaseCrashlytics */,
				7BFDE25C2CDD5D5A00EC78E6 /* FirebaseDatabase */,
				7BFDE25E2CDD5D5A00EC78E6 /* FirebaseDynamicLinks */,
				7BFDE2602CDD5D5A00EC78E6 /* FirebaseFirestore */,
				7BFDE2622CDD5D5A00EC78E6 /* FirebaseFirestoreCombine-Community */,
				7BFDE2642CDD5D5A00EC78E6 /* FirebaseFunctions */,
				7BFDE2662CDD5D5A00EC78E6 /* FirebaseFunctionsCombine-Community */,
				7BFDE2682CDD5D5A00EC78E6 /* FirebaseInAppMessaging-Beta */,
				7BFDE26A2CDD5D5A00EC78E6 /* FirebaseInstallations */,
				7BFDE26C2CDD5D5A00EC78E6 /* FirebaseMLModelDownloader */,
				7BFDE26E2CDD5D5A00EC78E6 /* FirebaseMessaging */,
				7BFDE2702CDD5D5A00EC78E6 /* FirebasePerformance */,
				7BFDE2722CDD5D5A00EC78E6 /* FirebaseRemoteConfig */,
				7BFDE2742CDD5D5A00EC78E6 /* FirebaseStorage */,
				7BFDE2762CDD5D5A00EC78E6 /* FirebaseStorageCombine-Community */,
				7BFDE2782CDD5D5A00EC78E6 /* FirebaseVertexAI */,
			);
			productName = Resume.yii;
			productReference = 7B00BA1D2CCB13A5004AEDD8 /* Resume.yii.app */;
			productType = "com.apple.product-type.application";
		};
/* End PBXNativeTarget section */

/* Begin PBXProject section */
		7B00BA152CCB13A5004AEDD8 /* Project object */ = {
			isa = PBXProject;
			attributes = {
				BuildIndependentTargetsInParallel = 1;
				LastSwiftUpdateCheck = 1600;
				LastUpgradeCheck = 1600;
				TargetAttributes = {
					7B00BA1C2CCB13A5004AEDD8 = {
						CreatedOnToolsVersion = 16.0;
					};
				};
			};
			buildConfigurationList = 7B00BA182CCB13A5004AEDD8 /* Build configuration list for PBXProject "Resume.yii" */;
			developmentRegion = en;
			hasScannedForEncodings = 0;
			knownRegions = (
				en,
				Base,
			);
			mainGroup = 7B00BA142CCB13A5004AEDD8;
			minimizedProjectReferenceProxies = 1;
			packageReferences = (
				7BFDE2492CDD5D5A00EC78E6 /* XCRemoteSwiftPackageReference "firebase-ios-sdk" */,
			);
			preferredProjectObjectVersion = 77;
			productRefGroup = 7B00BA1E2CCB13A5004AEDD8 /* Products */;
			projectDirPath = "";
			projectRoot = "";
			targets = (
				7B00BA1C2CCB13A5004AEDD8 /* Resume.yii */,
			);
		};
/* End PBXProject section */

/* Begin PBXResourcesBuildPhase section */
		7B00BA1B2CCB13A5004AEDD8 /* Resources */ = {
			isa = PBXResourcesBuildPhase;
			buildActionMask = 2147483647;
			files = (
			);
			runOnlyForDeploymentPostprocessing = 0;
		};
/* End PBXResourcesBuildPhase section */

/* Begin PBXSourcesBuildPhase section */
		7B00BA192CCB13A5004AEDD8 /* Sources */ = {
			isa = PBXSourcesBuildPhase;
			buildActionMask = 2147483647;
			files = (
			);
			runOnlyForDeploymentPostprocessing = 0;
		};
/* End PBXSourcesBuildPhase section */

/* Begin XCBuildConfiguration section */
		7B00BA292CCB13A6004AEDD8 /* Debug */ = {
			isa = XCBuildConfiguration;
			buildSettings = {
				ALWAYS_SEARCH_USER_PATHS = NO;
				ASSETCATALOG_COMPILER_GENERATE_SWIFT_ASSET_SYMBOL_EXTENSIONS = YES;
				CLANG_ANALYZER_NONNULL = YES;
				CLANG_ANALYZER_NUMBER_OBJECT_CONVERSION = YES_AGGRESSIVE;
				CLANG_CXX_LANGUAGE_STANDARD = "gnu++20";
				CLANG_ENABLE_MODULES = YES;
				CLANG_ENABLE_OBJC_ARC = YES;
				CLANG_ENABLE_OBJC_WEAK = YES;
				CLANG_WARN_BLOCK_CAPTURE_AUTORELEASING = YES;
				CLANG_WARN_BOOL_CONVERSION = YES;
				CLANG_WARN_COMMA = YES;
				CLANG_WARN_CONSTANT_CONVERSION = YES;
				CLANG_WARN_DEPRECATED_OBJC_IMPLEMENTATIONS = YES;
				CLANG_WARN_DIRECT_OBJC_ISA_USAGE = YES_ERROR;
				CLANG_WARN_DOCUMENTATION_COMMENTS = YES;
				CLANG_WARN_EMPTY_BODY = YES;
				CLANG_WARN_ENUM_CONVERSION = YES;
				CLANG_WARN_INFINITE_RECURSION = YES;
				CLANG_WARN_INT_CONVERSION = YES;
				CLANG_WARN_NON_LITERAL_NULL_CONVERSION = YES;
				CLANG_WARN_OBJC_IMPLICIT_RETAIN_SELF = YES;
				CLANG_WARN_OBJC_LITERAL_CONVERSION = YES;
				CLANG_WARN_OBJC_ROOT_CLASS = YES_ERROR;
				CLANG_WARN_QUOTED_INCLUDE_IN_FRAMEWORK_HEADER = YES;
				CLANG_WARN_RANGE_LOOP_ANALYSIS = YES;
				CLANG_WARN_STRICT_PROTOTYPES = YES;
				CLANG_WARN_SUSPICIOUS_MOVE = YES;
				CLANG_WARN_UNGUARDED_AVAILABILITY = YES_AGGRESSIVE;
				CLANG_WARN_UNREACHABLE_CODE = YES;
				CLANG_WARN__DUPLICATE_METHOD_MATCH = YES;
				COPY_PHASE_STRIP = NO;
				DEBUG_INFORMATION_FORMAT = dwarf;
				ENABLE_STRICT_OBJC_MSGSEND = YES;
				ENABLE_TESTABILITY = YES;
				ENABLE_USER_SCRIPT_SANDBOXING = YES;
				GCC_C_LANGUAGE_STANDARD = gnu17;
				GCC_DYNAMIC_NO_PIC = NO;
				GCC_NO_COMMON_BLOCKS = YES;
				GCC_OPTIMIZATION_LEVEL = 0;
				GCC_PREPROCESSOR_DEFINITIONS = (
					"DEBUG=1",
					"$(inherited)",
				);
				GCC_WARN_64_TO_32_BIT_CONVERSION = YES;
				GCC_WARN_ABOUT_RETURN_TYPE = YES_ERROR;
				GCC_WARN_UNDECLARED_SELECTOR = YES;
				GCC_WARN_UNINITIALIZED_AUTOS = YES_AGGRESSIVE;
				GCC_WARN_UNUSED_FUNCTION = YES;
				GCC_WARN_UNUSED_VARIABLE = YES;
				IPHONEOS_DEPLOYMENT_TARGET = 18.0;
				LOCALIZATION_PREFERS_STRING_CATALOGS = YES;
				MTL_ENABLE_DEBUG_INFO = INCLUDE_SOURCE;
				MTL_FAST_MATH = YES;
				ONLY_ACTIVE_ARCH = YES;
				SDKROOT = iphoneos;
				SWIFT_ACTIVE_COMPILATION_CONDITIONS = "DEBUG $(inherited)";
				SWIFT_OPTIMIZATION_LEVEL = "-Onone";
			};
			name = Debug;
		};
		7B00BA2A2CCB13A6004AEDD8 /* Release */ = {
			isa = XCBuildConfiguration;
			buildSettings = {
				ALWAYS_SEARCH_USER_PATHS = NO;
				ASSETCATALOG_COMPILER_GENERATE_SWIFT_ASSET_SYMBOL_EXTENSIONS = YES;
				CLANG_ANALYZER_NONNULL = YES;
				CLANG_ANALYZER_NUMBER_OBJECT_CONVERSION = YES_AGGRESSIVE;
				CLANG_CXX_LANGUAGE_STANDARD = "gnu++20";
				CLANG_ENABLE_MODULES = YES;
				CLANG_ENABLE_OBJC_ARC = YES;
				CLANG_ENABLE_OBJC_WEAK = YES;
				CLANG_WARN_BLOCK_CAPTURE_AUTORELEASING = YES;
				CLANG_WARN_BOOL_CONVERSION = YES;
				CLANG_WARN_COMMA = YES;
				CLANG_WARN_CONSTANT_CONVERSION = YES;
				CLANG_WARN_DEPRECATED_OBJC_IMPLEMENTATIONS = YES;
				CLANG_WARN_DIRECT_OBJC_ISA_USAGE = YES_ERROR;
				CLANG_WARN_DOCUMENTATION_COMMENTS = YES;
				CLANG_WARN_EMPTY_BODY = YES;
				CLANG_WARN_ENUM_CONVERSION = YES;
				CLANG_WARN_INFINITE_RECURSION = YES;
				CLANG_WARN_INT_CONVERSION = YES;
				CLANG_WARN_NON_LITERAL_NULL_CONVERSION = YES;
				CLANG_WARN_OBJC_IMPLICIT_RETAIN_SELF = YES;
				CLANG_WARN_OBJC_LITERAL_CONVERSION = YES;
				CLANG_WARN_OBJC_ROOT_CLASS = YES_ERROR;
				CLANG_WARN_QUOTED_INCLUDE_IN_FRAMEWORK_HEADER = YES;
				CLANG_WARN_RANGE_LOOP_ANALYSIS = YES;
				CLANG_WARN_STRICT_PROTOTYPES = YES;
				CLANG_WARN_SUSPICIOUS_MOVE = YES;
				CLANG_WARN_UNGUARDED_AVAILABILITY = YES_AGGRESSIVE;
				CLANG_WARN_UNREACHABLE_CODE = YES;
				CLANG_WARN__DUPLICATE_METHOD_MATCH = YES;
				COPY_PHASE_STRIP = NO;
				DEBUG_INFORMATION_FORMAT = "dwarf-with-dsym";
				ENABLE_NS_ASSERTIONS = NO;
				ENABLE_STRICT_OBJC_MSGSEND = YES;
				ENABLE_USER_SCRIPT_SANDBOXING = YES;
				GCC_C_LANGUAGE_STANDARD = gnu17;
				GCC_NO_COMMON_BLOCKS = YES;
				GCC_WARN_64_TO_32_BIT_CONVERSION = YES;
				GCC_WARN_ABOUT_RETURN_TYPE = YES_ERROR;
				GCC_WARN_UNDECLARED_SELECTOR = YES;
				GCC_WARN_UNINITIALIZED_AUTOS = YES_AGGRESSIVE;
				GCC_WARN_UNUSED_FUNCTION = YES;
				GCC_WARN_UNUSED_VARIABLE = YES;
				IPHONEOS_DEPLOYMENT_TARGET = 18.0;
				LOCALIZATION_PREFERS_STRING_CATALOGS = YES;
				MTL_ENABLE_DEBUG_INFO = NO;
				MTL_FAST_MATH = YES;
				SDKROOT = iphoneos;
				SWIFT_COMPILATION_MODE = wholemodule;
				VALIDATE_PRODUCT = YES;
			};
			name = Release;
		};
		7B00BA2C2CCB13A6004AEDD8 /* Debug */ = {
			isa = XCBuildConfiguration;
			buildSettings = {
				ASSETCATALOG_COMPILER_APPICON_NAME = AppIcon;
				ASSETCATALOG_COMPILER_GLOBAL_ACCENT_COLOR_NAME = AccentColor;
				CODE_SIGN_STYLE = Automatic;
				CURRENT_PROJECT_VERSION = 1;
				DEVELOPMENT_ASSET_PATHS = "\"Resume.yii/Preview Content\"";
				DEVELOPMENT_TEAM = AYV6XJF9NL;
				ENABLE_PREVIEWS = YES;
				GENERATE_INFOPLIST_FILE = YES;
				INFOPLIST_KEY_UIApplicationSceneManifest_Generation = YES;
				INFOPLIST_KEY_UIApplicationSupportsIndirectInputEvents = YES;
				INFOPLIST_KEY_UILaunchScreen_Generation = YES;
				INFOPLIST_KEY_UISupportedInterfaceOrientations_iPad = "UIInterfaceOrientationPortrait UIInterfaceOrientationPortraitUpsideDown UIInterfaceOrientationLandscapeLeft UIInterfaceOrientationLandscapeRight";
				INFOPLIST_KEY_UISupportedInterfaceOrientations_iPhone = "UIInterfaceOrientationPortrait UIInterfaceOrientationLandscapeLeft UIInterfaceOrientationLandscapeRight";
				LD_RUNPATH_SEARCH_PATHS = (
					"$(inherited)",
					"@executable_path/Frameworks",
				);
				MARKETING_VERSION = 1.0;
				PRODUCT_BUNDLE_IDENTIFIER = "ubiq-uh.Resume-yii";
				PRODUCT_NAME = "$(TARGET_NAME)";
				SWIFT_EMIT_LOC_STRINGS = YES;
				SWIFT_VERSION = 5.0;
				TARGETED_DEVICE_FAMILY = "1,2";
			};
			name = Debug;
		};
		7B00BA2D2CCB13A6004AEDD8 /* Release */ = {
			isa = XCBuildConfiguration;
			buildSettings = {
				ASSETCATALOG_COMPILER_APPICON_NAME = AppIcon;
				ASSETCATALOG_COMPILER_GLOBAL_ACCENT_COLOR_NAME = AccentColor;
				CODE_SIGN_STYLE = Automatic;
				CURRENT_PROJECT_VERSION = 1;
				DEVELOPMENT_ASSET_PATHS = "\"Resume.yii/Preview Content\"";
				DEVELOPMENT_TEAM = AYV6XJF9NL;
				ENABLE_PREVIEWS = YES;
				GENERATE_INFOPLIST_FILE = YES;
				INFOPLIST_KEY_UIApplicationSceneManifest_Generation = YES;
				INFOPLIST_KEY_UIApplicationSupportsIndirectInputEvents = YES;
				INFOPLIST_KEY_UILaunchScreen_Generation = YES;
				INFOPLIST_KEY_UISupportedInterfaceOrientations_iPad = "UIInterfaceOrientationPortrait UIInterfaceOrientationPortraitUpsideDown UIInterfaceOrientationLandscapeLeft UIInterfaceOrientationLandscapeRight";
				INFOPLIST_KEY_UISupportedInterfaceOrientations_iPhone = "UIInterfaceOrientationPortrait UIInterfaceOrientationLandscapeLeft UIInterfaceOrientationLandscapeRight";
				LD_RUNPATH_SEARCH_PATHS = (
					"$(inherited)",
					"@executable_path/Frameworks",
				);
				MARKETING_VERSION = 1.0;
				PRODUCT_BUNDLE_IDENTIFIER = "ubiq-uh.Resume-yii";
				PRODUCT_NAME = "$(TARGET_NAME)";
				SWIFT_EMIT_LOC_STRINGS = YES;
				SWIFT_VERSION = 5.0;
				TARGETED_DEVICE_FAMILY = "1,2";
			};
			name = Release;
		};
/* End XCBuildConfiguration section */

/* Begin XCConfigurationList section */
		7B00BA182CCB13A5004AEDD8 /* Build configuration list for PBXProject "Resume.yii" */ = {
			isa = XCConfigurationList;
			buildConfigurations = (
				7B00BA292CCB13A6004AEDD8 /* Debug */,
				7B00BA2A2CCB13A6004AEDD8 /* Release */,
			);
			defaultConfigurationIsVisible = 0;
			defaultConfigurationName = Release;
		};
		7B00BA2B2CCB13A6004AEDD8 /* Build configuration list for PBXNativeTarget "Resume.yii" */ = {
			isa = XCConfigurationList;
			buildConfigurations = (
				7B00BA2C2CCB13A6004AEDD8 /* Debug */,
				7B00BA2D2CCB13A6004AEDD8 /* Release */,
			);
			defaultConfigurationIsVisible = 0;
			defaultConfigurationName = Release;
		};
/* End XCConfigurationList section */

/* Begin XCRemoteSwiftPackageReference section */
		7BFDE2492CDD5D5A00EC78E6 /* XCRemoteSwiftPackageReference "firebase-ios-sdk" */ = {
			isa = XCRemoteSwiftPackageReference;
			repositoryURL = "https://github.com/firebase/firebase-ios-sdk";
			requirement = {
				kind = upToNextMajorVersion;
				minimumVersion = 11.4.0;
			};
		};
/* End XCRemoteSwiftPackageReference section */

/* Begin XCSwiftPackageProductDependency section */
		7BFDE24A2CDD5D5A00EC78E6 /* FirebaseAnalytics */ = {
			isa = XCSwiftPackageProductDependency;
			package = 7BFDE2492CDD5D5A00EC78E6 /* XCRemoteSwiftPackageReference "firebase-ios-sdk" */;
			productName = FirebaseAnalytics;
		};
		7BFDE24C2CDD5D5A00EC78E6 /* FirebaseAnalyticsOnDeviceConversion */ = {
			isa = XCSwiftPackageProductDependency;
			package = 7BFDE2492CDD5D5A00EC78E6 /* XCRemoteSwiftPackageReference "firebase-ios-sdk" */;
			productName = FirebaseAnalyticsOnDeviceConversion;
		};
		7BFDE24E2CDD5D5A00EC78E6 /* FirebaseAnalyticsWithoutAdIdSupport */ = {
			isa = XCSwiftPackageProductDependency;
			package = 7BFDE2492CDD5D5A00EC78E6 /* XCRemoteSwiftPackageReference "firebase-ios-sdk" */;
			productName = FirebaseAnalyticsWithoutAdIdSupport;
		};
		7BFDE2502CDD5D5A00EC78E6 /* FirebaseAppCheck */ = {
			isa = XCSwiftPackageProductDependency;
			package = 7BFDE2492CDD5D5A00EC78E6 /* XCRemoteSwiftPackageReference "firebase-ios-sdk" */;
			productName = FirebaseAppCheck;
		};
		7BFDE2522CDD5D5A00EC78E6 /* FirebaseAppDistribution-Beta */ = {
			isa = XCSwiftPackageProductDependency;
			package = 7BFDE2492CDD5D5A00EC78E6 /* XCRemoteSwiftPackageReference "firebase-ios-sdk" */;
			productName = "FirebaseAppDistribution-Beta";
		};
		7BFDE2542CDD5D5A00EC78E6 /* FirebaseAuth */ = {
			isa = XCSwiftPackageProductDependency;
			package = 7BFDE2492CDD5D5A00EC78E6 /* XCRemoteSwiftPackageReference "firebase-ios-sdk" */;
			productName = FirebaseAuth;
		};
		7BFDE2562CDD5D5A00EC78E6 /* FirebaseAuthCombine-Community */ = {
			isa = XCSwiftPackageProductDependency;
			package = 7BFDE2492CDD5D5A00EC78E6 /* XCRemoteSwiftPackageReference "firebase-ios-sdk" */;
			productName = "FirebaseAuthCombine-Community";
		};
		7BFDE2582CDD5D5A00EC78E6 /* FirebaseCore */ = {
			isa = XCSwiftPackageProductDependency;
			package = 7BFDE2492CDD5D5A00EC78E6 /* XCRemoteSwiftPackageReference "firebase-ios-sdk" */;
			productName = FirebaseCore;
		};
		7BFDE25A2CDD5D5A00EC78E6 /* FirebaseCrashlytics */ = {
			isa = XCSwiftPackageProductDependency;
			package = 7BFDE2492CDD5D5A00EC78E6 /* XCRemoteSwiftPackageReference "firebase-ios-sdk" */;
			productName = FirebaseCrashlytics;
		};
		7BFDE25C2CDD5D5A00EC78E6 /* FirebaseDatabase */ = {
			isa = XCSwiftPackageProductDependency;
			package = 7BFDE2492CDD5D5A00EC78E6 /* XCRemoteSwiftPackageReference "firebase-ios-sdk" */;
			productName = FirebaseDatabase;
		};
		7BFDE25E2CDD5D5A00EC78E6 /* FirebaseDynamicLinks */ = {
			isa = XCSwiftPackageProductDependency;
			package = 7BFDE2492CDD5D5A00EC78E6 /* XCRemoteSwiftPackageReference "firebase-ios-sdk" */;
			productName = FirebaseDynamicLinks;
		};
		7BFDE2602CDD5D5A00EC78E6 /* FirebaseFirestore */ = {
			isa = XCSwiftPackageProductDependency;
			package = 7BFDE2492CDD5D5A00EC78E6 /* XCRemoteSwiftPackageReference "firebase-ios-sdk" */;
			productName = FirebaseFirestore;
		};
		7BFDE2622CDD5D5A00EC78E6 /* FirebaseFirestoreCombine-Community */ = {
			isa = XCSwiftPackageProductDependency;
			package = 7BFDE2492CDD5D5A00EC78E6 /* XCRemoteSwiftPackageReference "firebase-ios-sdk" */;
			productName = "FirebaseFirestoreCombine-Community";
		};
		7BFDE2642CDD5D5A00EC78E6 /* FirebaseFunctions */ = {
			isa = XCSwiftPackageProductDependency;
			package = 7BFDE2492CDD5D5A00EC78E6 /* XCRemoteSwiftPackageReference "firebase-ios-sdk" */;
			productName = FirebaseFunctions;
		};
		7BFDE2662CDD5D5A00EC78E6 /* FirebaseFunctionsCombine-Community */ = {
			isa = XCSwiftPackageProductDependency;
			package = 7BFDE2492CDD5D5A00EC78E6 /* XCRemoteSwiftPackageReference "firebase-ios-sdk" */;
			productName = "FirebaseFunctionsCombine-Community";
		};
		7BFDE2682CDD5D5A00EC78E6 /* FirebaseInAppMessaging-Beta */ = {
			isa = XCSwiftPackageProductDependency;
			package = 7BFDE2492CDD5D5A00EC78E6 /* XCRemoteSwiftPackageReference "firebase-ios-sdk" */;
			productName = "FirebaseInAppMessaging-Beta";
		};
		7BFDE26A2CDD5D5A00EC78E6 /* FirebaseInstallations */ = {
			isa = XCSwiftPackageProductDependency;
			package = 7BFDE2492CDD5D5A00EC78E6 /* XCRemoteSwiftPackageReference "firebase-ios-sdk" */;
			productName = FirebaseInstallations;
		};
		7BFDE26C2CDD5D5A00EC78E6 /* FirebaseMLModelDownloader */ = {
			isa = XCSwiftPackageProductDependency;
			package = 7BFDE2492CDD5D5A00EC78E6 /* XCRemoteSwiftPackageReference "firebase-ios-sdk" */;
			productName = FirebaseMLModelDownloader;
		};
		7BFDE26E2CDD5D5A00EC78E6 /* FirebaseMessaging */ = {
			isa = XCSwiftPackageProductDependency;
			package = 7BFDE2492CDD5D5A00EC78E6 /* XCRemoteSwiftPackageReference "firebase-ios-sdk" */;
			productName = FirebaseMessaging;
		};
		7BFDE2702CDD5D5A00EC78E6 /* FirebasePerformance */ = {
			isa = XCSwiftPackageProductDependency;
			package = 7BFDE2492CDD5D5A00EC78E6 /* XCRemoteSwiftPackageReference "firebase-ios-sdk" */;
			productName = FirebasePerformance;
		};
		7BFDE2722CDD5D5A00EC78E6 /* FirebaseRemoteConfig */ = {
			isa = XCSwiftPackageProductDependency;
			package = 7BFDE2492CDD5D5A00EC78E6 /* XCRemoteSwiftPackageReference "firebase-ios-sdk" */;
			productName = FirebaseRemoteConfig;
		};
		7BFDE2742CDD5D5A00EC78E6 /* FirebaseStorage */ = {
			isa = XCSwiftPackageProductDependency;
			package = 7BFDE2492CDD5D5A00EC78E6 /* XCRemoteSwiftPackageReference "firebase-ios-sdk" */;
			productName = FirebaseStorage;
		};
		7BFDE2762CDD5D5A00EC78E6 /* FirebaseStorageCombine-Community */ = {
			isa = XCSwiftPackageProductDependency;
			package = 7BFDE2492CDD5D5A00EC78E6 /* XCRemoteSwiftPackageReference "firebase-ios-sdk" */;
			productName = "FirebaseStorageCombine-Community";
		};
		7BFDE2782CDD5D5A00EC78E6 /* FirebaseVertexAI */ = {
			isa = XCSwiftPackageProductDependency;
			package = 7BFDE2492CDD5D5A00EC78E6 /* XCRemoteSwiftPackageReference "firebase-ios-sdk" */;
			productName = FirebaseVertexAI;
		};
/* End XCSwiftPackageProductDependency section */
	};
	rootObject = 7B00BA152CCB13A5004AEDD8 /* Project object */;
}
